
Microsoft Visual Studio Solution File, Format Version 12.00
# Visual Studio Version 16
VisualStudioVersion = 16.0.32002.261
MinimumVisualStudioVersion = 10.0.40219.1
Project("{FAE04EC0-301F-11D3-BF4B-00C04F79EFBC}") = "RestWithASPNETUdemy", "RestWithASPNETUdemy\RestWithASPNETUdemy.csproj", "{103BD2B7-0719-47FA-B884-E261D1CF4812}"
EndProject
Global
	GlobalSection(SolutionConfigurationPlatforms) = preSolution
		Debug|Any CPU = Debug|Any CPU
		Release|Any CPU = Release|Any CPU
	EndGlobalSection
	GlobalSection(ProjectConfigurationPlatforms) = postSolution
		{103BD2B7-0719-47FA-B884-E261D1CF4812}.Debug|Any CPU.ActiveCfg = Debug|Any CPU
		{103BD2B7-0719-47FA-B884-E261D1CF4812}.Debug|Any CPU.Build.0 = Debug|Any CPU
		{103BD2B7-0719-47FA-B884-E261D1CF4812}.Release|Any CPU.ActiveCfg = Release|Any CPU
		{103BD2B7-0719-47FA-B884-E261D1CF4812}.Release|Any CPU.Build.0 = Release|Any CPU
	EndGlobalSection
	GlobalSection(SolutionProperties) = preSolution
		HideSolutionNode = FALSE
	EndGlobalSection
	GlobalSection(ExtensibilityGlobals) = postSolution
		SolutionGuid = {237A29FA-0FC3-45E7-AD1E-EB55D10C4617}
	EndGlobalSection
EndGlobal
